repositories:
  openarm_description:
    type: git
    url: https://github.com/enactic/openarm_description.git
    version: 1fba2cbc05001f05b4514120b70130b4ac06f409
  openarm_ros2:
    type: git
    url: https://github.com/enactic/openarm_ros2.git
    version: 4e837e1d0dae692ff67b560b69d8d281d7a8d4ed
